{
  "name": "dumpster_diver",
  "version": "1.0.0",
  "lockfileVersion": 1,
  "requires": true,
  "dependencies": {
    "@zuzak/owo": {
      "version": "1.15.0",
      "resolved": "https://registry.npmjs.org/@zuzak/owo/-/owo-1.15.0.tgz",
      "integrity": "sha512-iWt8sEa6tQ6A7hnkkmANIPDdbgeeYta9ZP/AQeQ0QrTwC8j7bS+mpc3sLUcGVjwQhdmXkEd/UmctEr5U2gE/vg==",
      "requires": {
        "random-item": "^1.0.0",
        "replace-string": "^2.0.0"
      }
    },
    "random-item": {
      "version": "1.0.0",
      "resolved": "https://registry.npmjs.org/random-item/-/random-item-1.0.0.tgz",
      "integrity": "sha1-Fu4xYmywUMihaGpfD0KmuZoqrxE="
    },
    "replace-string": {
      "version": "2.0.0",
      "resolved": "https://registry.npmjs.org/replace-string/-/replace-string-2.0.0.tgz",
      "integrity": "sha512-e6cHLIPJeIReWRcKFXdGC2bVR9dC4Bdwf2LIhzefHNPNR5ob90LtopHVGisQmaYEVfEtB945lmTA8B+e2lMJvQ=="
    }
  }
}
